Microsoft Visual Studio Solution File, Format Version 12.00
# Visual Studio Version 17
VisualStudioVersion = 17.11.35312.102
MinimumVisualStudioVersion = 10.0.40219.1
Project("{9A19103F-16F7-4668-BE54-9A1E7A4F7556}") = "01_Basics", "01_Basics\01_Basics.csproj", "{B1A2C3D4-1001-0000-0000-000000000001}"
EndProject
Project("{9A19103F-16F7-4668-BE54-9A1E7A4F7556}") = "02_Arrays", "02_Arrays\02_Arrays.csproj", "{B2A2C3D4-2002-0000-0000-000000000002}"
EndProject
Project("{9A19103F-16F7-4668-BE54-9A1E7A4F7556}") = "03_Functions", "03_Functions\03_Functions.csproj", "{B3A2C3D4-3003-0000-0000-000000000003}"
EndProject
Project("{9A19103F-16F7-4668-BE54-9A1E7A4F7556}") = "04_ProblemsSolving", "04_ProblemsSolving\04_ProblemsSolving.csproj", "{B4A2C3D4-4004-0000-0000-000000000004}"
EndProject
Project("{2150E333-8FDC-42A3-9474-1A3956D46DE8}") = "OOP", "OOP", "{5F017B97-808C-4ECC-9A23-AE9AC38F2CE8}"
EndProject
Project("{9A19103F-16F7-4668-BE54-9A1E7A4F7556}") = "01_OOP_Basics", "OOP\01_OOP_Basics\01_OOP_Basics.csproj", "{C1A2C3D4-1001-0000-0000-000000000001}"
EndProject
Project("{9A19103F-16F7-4668-BE54-9A1E7A4F7556}") = "02_Encapsulation", "OOP\02_Encapsulation\02_Encapsulation.csproj", "{C2A2C3D4-2002-0000-0000-000000000002}"
EndProject
Project("{9A19103F-16F7-4668-BE54-9A1E7A4F7556}") = "03_Inheritance", "OOP\03_Inheritance\03_Inheritance.csproj", "{C3A2C3D4-3003-0000-0000-000000000003}"
EndProject
Project("{9A19103F-16F7-4668-BE54-9A1E7A4F7556}") = "04_Polymorphism", "OOP\04_Polymorphism\04_Polymorphism.csproj", "{C4A2C3D4-4004-0000-0000-000000000004}"
EndProject
Project("{FAE04EC0-301F-11D3-BF4B-00C04F79EFBC}") = "05_Abstraction", "05_Abstraction\05_Abstraction.csproj", "{DF9D0F85-C3BF-41DF-BF8A-51078486E09B}"
EndProject
Project("{FAE04EC0-301F-11D3-BF4B-00C04F79EFBC}") = "05_Keywords", "05_Keywords\05_Keywords.csproj", "{9E2C3C83-3817-4D12-95EA-BAB41782405B}"
EndProject
Project("{FAE04EC0-301F-11D3-BF4B-00C04F79EFBC}") = "06_ExceptionHandling", "06_ExceptionHandling\06_ExceptionHandling.csproj", "{F78FC008-E16A-4487-B225-A402BD7EC622}"
EndProject
Project("{FAE04EC0-301F-11D3-BF4B-00C04F79EFBC}") = "07_Generics", "07_Generics\07_Generics.csproj", "{725E832D-97DC-4ACE-AC2D-D8B485C8AFDD}"
EndProject
Project("{2150E333-8FDC-42A3-9474-1A3956D46DE8}") = "Collections", "Collections", "{02EA681E-C7D8-13C7-8484-4AC65E1B71E8}"
EndProject
Project("{FAE04EC0-301F-11D3-BF4B-00C04F79EFBC}") = "01_List", "01_List\01_List.csproj", "{A5236633-227C-4B52-BEC5-B64D1086A111}"
EndProject
Project("{FAE04EC0-301F-11D3-BF4B-00C04F79EFBC}") = "02_Dictionary", "02_Dictionary\02_Dictionary.csproj", "{67BD3FC2-BF5F-41C6-9E77-235D0994988B}"
EndProject
Project("{FAE04EC0-301F-11D3-BF4B-00C04F79EFBC}") = "03_HashSet", "03_HashSet\03_HashSet.csproj", "{483B9205-1647-4385-826B-4160E39076EF}"
EndProject
Project("{FAE04EC0-301F-11D3-BF4B-00C04F79EFBC}") = "04_Queue", "04_Queue\04_Queue.csproj", "{D83983F3-F029-4B03-B5EA-36E348E96586}"
EndProject
Project("{FAE04EC0-301F-11D3-BF4B-00C04F79EFBC}") = "05_Stack", "05_Stack\05_Stack.csproj", "{F029D967-26AE-481F-BFE9-DF45B25B6119}"
EndProject
Project("{FAE04EC0-301F-11D3-BF4B-00C04F79EFBC}") = "06_LinkedList", "06_LinkedList\06_LinkedList.csproj", "{1F8A25D6-63A9-473C-8EB1-5C0F834EA9C3}"
EndProject
Project("{2150E333-8FDC-42A3-9474-1A3956D46DE8}") = "Advanced", "Advanced", "{89D326C8-C725-4623-8DD4-3C3524CA14BF}"
EndProject
Project("{FAE04EC0-301F-11D3-BF4B-00C04F79EFBC}") = "01_Delegates", "01_Delegates\01_Delegates.csproj", "{757FDA0C-997A-4F75-B52E-301D2FF07B2D}"
EndProject
Project("{FAE04EC0-301F-11D3-BF4B-00C04F79EFBC}") = "02_Event", "02_Event\02_Event.csproj", "{37F4B575-A167-447A-A25F-052892923C44}"
EndProject
Project("{FAE04EC0-301F-11D3-BF4B-00C04F79EFBC}") = "03_LambdaExpressions", "03_LambdaExpressions\03_LambdaExpressions.csproj", "{94BAB5B0-E7BD-4AC4-BD0B-655E69063E37}"
EndProject
Project("{FAE04EC0-301F-11D3-BF4B-00C04F79EFBC}") = "04_LINQ", "04_LINQ\04_LINQ.csproj", "{C932A199-70F8-4112-84CB-96A3021769E3}"
EndProject
Project("{FAE04EC0-301F-11D3-BF4B-00C04F79EFBC}") = "05_AsyncProgramming", "05_AsyncProgramming\05_AsyncProgramming.csproj", "{80172D82-FFA7-4457-B0E6-86986476BA48}"
EndProject
Project("{2150E333-8FDC-42A3-9474-1A3956D46DE8}") = "Differences", "Differences", "{D4FB6DE5-E52D-4647-835E-49C6E8DA41AD}"
EndProject
Project("{FAE04EC0-301F-11D3-BF4B-00C04F79EFBC}") = "classVSstruct", "classVSstruct\classVSstruct.csproj", "{AD6E9E80-3109-42E2-95D4-FB3978BF90E3}"
EndProject
Project("{FAE04EC0-301F-11D3-BF4B-00C04F79EFBC}") = "EqualsVC==", "EqualsVC==\EqualsVC==.csproj", "{D605E976-289A-4156-8C09-8FFDD84BB8FD}"
EndProject
Project("{FAE04EC0-301F-11D3-BF4B-00C04F79EFBC}") = "IEnum_IColle_Ilist", "IEnum_IColle_Ilist\IEnum_IColle_Ilist.csproj", "{C3CB950F-542D-404D-943D-5D74C765B643}"
EndProject
Global
	GlobalSection(SolutionConfigurationPlatforms) = preSolution
		Debug|Any CPU = Debug|Any CPU
		Release|Any CPU = Release|Any CPU
	EndGlobalSection
	GlobalSection(ProjectConfigurationPlatforms) = postSolution
		{B1A2C3D4-1001-0000-0000-000000000001}.Debug|Any CPU.ActiveCfg = Debug|Any CPU
		{B1A2C3D4-1001-0000-0000-000000000001}.Debug|Any CPU.Build.0 = Debug|Any CPU
		{B1A2C3D4-1001-0000-0000-000000000001}.Release|Any CPU.ActiveCfg = Release|Any CPU
		{B1A2C3D4-1001-0000-0000-000000000001}.Release|Any CPU.Build.0 = Release|Any CPU
		{B2A2C3D4-2002-0000-0000-000000000002}.Debug|Any CPU.ActiveCfg = Debug|Any CPU
		{B2A2C3D4-2002-0000-0000-000000000002}.Debug|Any CPU.Build.0 = Debug|Any CPU
		{B2A2C3D4-2002-0000-0000-000000000002}.Release|Any CPU.ActiveCfg = Release|Any CPU
		{B2A2C3D4-2002-0000-0000-000000000002}.Release|Any CPU.Build.0 = Release|Any CPU
		{B3A2C3D4-3003-0000-0000-000000000003}.Debug|Any CPU.ActiveCfg = Debug|Any CPU
		{B3A2C3D4-3003-0000-0000-000000000003}.Debug|Any CPU.Build.0 = Debug|Any CPU
		{B3A2C3D4-3003-0000-0000-000000000003}.Release|Any CPU.ActiveCfg = Release|Any CPU
		{B3A2C3D4-3003-0000-0000-000000000003}.Release|Any CPU.Build.0 = Release|Any CPU
		{B4A2C3D4-4004-0000-0000-000000000004}.Debug|Any CPU.ActiveCfg = Debug|Any CPU
		{B4A2C3D4-4004-0000-0000-000000000004}.Debug|Any CPU.Build.0 = Debug|Any CPU
		{B4A2C3D4-4004-0000-0000-000000000004}.Release|Any CPU.ActiveCfg = Release|Any CPU
		{B4A2C3D4-4004-0000-0000-000000000004}.Release|Any CPU.Build.0 = Release|Any CPU
		{C1A2C3D4-1001-0000-0000-000000000001}.Debug|Any CPU.ActiveCfg = Debug|Any CPU
		{C1A2C3D4-1001-0000-0000-000000000001}.Debug|Any CPU.Build.0 = Debug|Any CPU
		{C1A2C3D4-1001-0000-0000-000000000001}.Release|Any CPU.ActiveCfg = Release|Any CPU
		{C1A2C3D4-1001-0000-0000-000000000001}.Release|Any CPU.Build.0 = Release|Any CPU
		{C2A2C3D4-2002-0000-0000-000000000002}.Debug|Any CPU.ActiveCfg = Debug|Any CPU
		{C2A2C3D4-2002-0000-0000-000000000002}.Debug|Any CPU.Build.0 = Debug|Any CPU
		{C2A2C3D4-2002-0000-0000-000000000002}.Release|Any CPU.ActiveCfg = Release|Any CPU
		{C2A2C3D4-2002-0000-0000-000000000002}.Release|Any CPU.Build.0 = Release|Any CPU
		{C3A2C3D4-3003-0000-0000-000000000003}.Debug|Any CPU.ActiveCfg = Debug|Any CPU
		{C3A2C3D4-3003-0000-0000-000000000003}.Debug|Any CPU.Build.0 = Debug|Any CPU
		{C3A2C3D4-3003-0000-0000-000000000003}.Release|Any CPU.ActiveCfg = Release|Any CPU
		{C3A2C3D4-3003-0000-0000-000000000003}.Release|Any CPU.Build.0 = Release|Any CPU
		{C4A2C3D4-4004-0000-0000-000000000004}.Debug|Any CPU.ActiveCfg = Debug|Any CPU
		{C4A2C3D4-4004-0000-0000-000000000004}.Debug|Any CPU.Build.0 = Debug|Any CPU
		{C4A2C3D4-4004-0000-0000-000000000004}.Release|Any CPU.ActiveCfg = Release|Any CPU
		{C4A2C3D4-4004-0000-0000-000000000004}.Release|Any CPU.Build.0 = Release|Any CPU
		{DF9D0F85-C3BF-41DF-BF8A-51078486E09B}.Debug|Any CPU.ActiveCfg = Debug|Any CPU
		{DF9D0F85-C3BF-41DF-BF8A-51078486E09B}.Debug|Any CPU.Build.0 = Debug|Any CPU
		{DF9D0F85-C3BF-41DF-BF8A-51078486E09B}.Release|Any CPU.ActiveCfg = Release|Any CPU
		{DF9D0F85-C3BF-41DF-BF8A-51078486E09B}.Release|Any CPU.Build.0 = Release|Any CPU
		{9E2C3C83-3817-4D12-95EA-BAB41782405B}.Debug|Any CPU.ActiveCfg = Debug|Any CPU
		{9E2C3C83-3817-4D12-95EA-BAB41782405B}.Debug|Any CPU.Build.0 = Debug|Any CPU
		{9E2C3C83-3817-4D12-95EA-BAB41782405B}.Release|Any CPU.ActiveCfg = Release|Any CPU
		{9E2C3C83-3817-4D12-95EA-BAB41782405B}.Release|Any CPU.Build.0 = Release|Any CPU
		{F78FC008-E16A-4487-B225-A402BD7EC622}.Debug|Any CPU.ActiveCfg = Debug|Any CPU
		{F78FC008-E16A-4487-B225-A402BD7EC622}.Debug|Any CPU.Build.0 = Debug|Any CPU
		{F78FC008-E16A-4487-B225-A402BD7EC622}.Release|Any CPU.ActiveCfg = Release|Any CPU
		{F78FC008-E16A-4487-B225-A402BD7EC622}.Release|Any CPU.Build.0 = Release|Any CPU
		{725E832D-97DC-4ACE-AC2D-D8B485C8AFDD}.Debug|Any CPU.ActiveCfg = Debug|Any CPU
		{725E832D-97DC-4ACE-AC2D-D8B485C8AFDD}.Debug|Any CPU.Build.0 = Debug|Any CPU
		{725E832D-97DC-4ACE-AC2D-D8B485C8AFDD}.Release|Any CPU.ActiveCfg = Release|Any CPU
		{725E832D-97DC-4ACE-AC2D-D8B485C8AFDD}.Release|Any CPU.Build.0 = Release|Any CPU
		{A5236633-227C-4B52-BEC5-B64D1086A111}.Debug|Any CPU.ActiveCfg = Debug|Any CPU
		{A5236633-227C-4B52-BEC5-B64D1086A111}.Debug|Any CPU.Build.0 = Debug|Any CPU
		{A5236633-227C-4B52-BEC5-B64D1086A111}.Release|Any CPU.ActiveCfg = Release|Any CPU
		{A5236633-227C-4B52-BEC5-B64D1086A111}.Release|Any CPU.Build.0 = Release|Any CPU
		{67BD3FC2-BF5F-41C6-9E77-235D0994988B}.Debug|Any CPU.ActiveCfg = Debug|Any CPU
		{67BD3FC2-BF5F-41C6-9E77-235D0994988B}.Debug|Any CPU.Build.0 = Debug|Any CPU
		{67BD3FC2-BF5F-41C6-9E77-235D0994988B}.Release|Any CPU.ActiveCfg = Release|Any CPU
		{67BD3FC2-BF5F-41C6-9E77-235D0994988B}.Release|Any CPU.Build.0 = Release|Any CPU
		{483B9205-1647-4385-826B-4160E39076EF}.Debug|Any CPU.ActiveCfg = Debug|Any CPU
		{483B9205-1647-4385-826B-4160E39076EF}.Debug|Any CPU.Build.0 = Debug|Any CPU
		{483B9205-1647-4385-826B-4160E39076EF}.Release|Any CPU.ActiveCfg = Release|Any CPU
		{483B9205-1647-4385-826B-4160E39076EF}.Release|Any CPU.Build.0 = Release|Any CPU
		{D83983F3-F029-4B03-B5EA-36E348E96586}.Debug|Any CPU.ActiveCfg = Debug|Any CPU
		{D83983F3-F029-4B03-B5EA-36E348E96586}.Debug|Any CPU.Build.0 = Debug|Any CPU
		{D83983F3-F029-4B03-B5EA-36E348E96586}.Release|Any CPU.ActiveCfg = Release|Any CPU
		{D83983F3-F029-4B03-B5EA-36E348E96586}.Release|Any CPU.Build.0 = Release|Any CPU
		{F029D967-26AE-481F-BFE9-DF45B25B6119}.Debug|Any CPU.ActiveCfg = Debug|Any CPU
		{F029D967-26AE-481F-BFE9-DF45B25B6119}.Debug|Any CPU.Build.0 = Debug|Any CPU
		{F029D967-26AE-481F-BFE9-DF45B25B6119}.Release|Any CPU.ActiveCfg = Release|Any CPU
		{F029D967-26AE-481F-BFE9-DF45B25B6119}.Release|Any CPU.Build.0 = Release|Any CPU
		{1F8A25D6-63A9-473C-8EB1-5C0F834EA9C3}.Debug|Any CPU.ActiveCfg = Debug|Any CPU
		{1F8A25D6-63A9-473C-8EB1-5C0F834EA9C3}.Debug|Any CPU.Build.0 = Debug|Any CPU
		{1F8A25D6-63A9-473C-8EB1-5C0F834EA9C3}.Release|Any CPU.ActiveCfg = Release|Any CPU
		{1F8A25D6-63A9-473C-8EB1-5C0F834EA9C3}.Release|Any CPU.Build.0 = Release|Any CPU
		{757FDA0C-997A-4F75-B52E-301D2FF07B2D}.Debug|Any CPU.ActiveCfg = Debug|Any CPU
		{757FDA0C-997A-4F75-B52E-301D2FF07B2D}.Debug|Any CPU.Build.0 = Debug|Any CPU
		{757FDA0C-997A-4F75-B52E-301D2FF07B2D}.Release|Any CPU.ActiveCfg = Release|Any CPU
		{757FDA0C-997A-4F75-B52E-301D2FF07B2D}.Release|Any CPU.Build.0 = Release|Any CPU
		{37F4B575-A167-447A-A25F-052892923C44}.Debug|Any CPU.ActiveCfg = Debug|Any CPU
		{37F4B575-A167-447A-A25F-052892923C44}.Debug|Any CPU.Build.0 = Debug|Any CPU
		{37F4B575-A167-447A-A25F-052892923C44}.Release|Any CPU.ActiveCfg = Release|Any CPU
		{37F4B575-A167-447A-A25F-052892923C44}.Release|Any CPU.Build.0 = Release|Any CPU
		{94BAB5B0-E7BD-4AC4-BD0B-655E69063E37}.Debug|Any CPU.ActiveCfg = Debug|Any CPU
		{94BAB5B0-E7BD-4AC4-BD0B-655E69063E37}.Debug|Any CPU.Build.0 = Debug|Any CPU
		{94BAB5B0-E7BD-4AC4-BD0B-655E69063E37}.Release|Any CPU.ActiveCfg = Release|Any CPU
		{94BAB5B0-E7BD-4AC4-BD0B-655E69063E37}.Release|Any CPU.Build.0 = Release|Any CPU
		{C932A199-70F8-4112-84CB-96A3021769E3}.Debug|Any CPU.ActiveCfg = Debug|Any CPU
		{C932A199-70F8-4112-84CB-96A3021769E3}.Debug|Any CPU.Build.0 = Debug|Any CPU
		{C932A199-70F8-4112-84CB-96A3021769E3}.Release|Any CPU.ActiveCfg = Release|Any CPU
		{C932A199-70F8-4112-84CB-96A3021769E3}.Release|Any CPU.Build.0 = Release|Any CPU
		{80172D82-FFA7-4457-B0E6-86986476BA48}.Debug|Any CPU.ActiveCfg = Debug|Any CPU
		{80172D82-FFA7-4457-B0E6-86986476BA48}.Debug|Any CPU.Build.0 = Debug|Any CPU
		{80172D82-FFA7-4457-B0E6-86986476BA48}.Release|Any CPU.ActiveCfg = Release|Any CPU
		{80172D82-FFA7-4457-B0E6-86986476BA48}.Release|Any CPU.Build.0 = Release|Any CPU
		{AD6E9E80-3109-42E2-95D4-FB3978BF90E3}.Debug|Any CPU.ActiveCfg = Debug|Any CPU
		{AD6E9E80-3109-42E2-95D4-FB3978BF90E3}.Debug|Any CPU.Build.0 = Debug|Any CPU
		{AD6E9E80-3109-42E2-95D4-FB3978BF90E3}.Release|Any CPU.ActiveCfg = Release|Any CPU
		{AD6E9E80-3109-42E2-95D4-FB3978BF90E3}.Release|Any CPU.Build.0 = Release|Any CPU
		{D605E976-289A-4156-8C09-8FFDD84BB8FD}.Debug|Any CPU.ActiveCfg = Debug|Any CPU
		{D605E976-289A-4156-8C09-8FFDD84BB8FD}.Debug|Any CPU.Build.0 = Debug|Any CPU
		{D605E976-289A-4156-8C09-8FFDD84BB8FD}.Release|Any CPU.ActiveCfg = Release|Any CPU
		{D605E976-289A-4156-8C09-8FFDD84BB8FD}.Release|Any CPU.Build.0 = Release|Any CPU
		{C3CB950F-542D-404D-943D-5D74C765B643}.Debug|Any CPU.ActiveCfg = Debug|Any CPU
		{C3CB950F-542D-404D-943D-5D74C765B643}.Debug|Any CPU.Build.0 = Debug|Any CPU
		{C3CB950F-542D-404D-943D-5D74C765B643}.Release|Any CPU.ActiveCfg = Release|Any CPU
		{C3CB950F-542D-404D-943D-5D74C765B643}.Release|Any CPU.Build.0 = Release|Any CPU
	EndGlobalSection
	GlobalSection(SolutionProperties) = preSolution
		HideSolutionNode = FALSE
	EndGlobalSection
	GlobalSection(NestedProjects) = preSolution
		{C1A2C3D4-1001-0000-0000-000000000001} = {5F017B97-808C-4ECC-9A23-AE9AC38F2CE8}
		{C2A2C3D4-2002-0000-0000-000000000002} = {5F017B97-808C-4ECC-9A23-AE9AC38F2CE8}
		{C3A2C3D4-3003-0000-0000-000000000003} = {5F017B97-808C-4ECC-9A23-AE9AC38F2CE8}
		{C4A2C3D4-4004-0000-0000-000000000004} = {5F017B97-808C-4ECC-9A23-AE9AC38F2CE8}
		{DF9D0F85-C3BF-41DF-BF8A-51078486E09B} = {5F017B97-808C-4ECC-9A23-AE9AC38F2CE8}
		{A5236633-227C-4B52-BEC5-B64D1086A111} = {02EA681E-C7D8-13C7-8484-4AC65E1B71E8}
		{67BD3FC2-BF5F-41C6-9E77-235D0994988B} = {02EA681E-C7D8-13C7-8484-4AC65E1B71E8}
		{483B9205-1647-4385-826B-4160E39076EF} = {02EA681E-C7D8-13C7-8484-4AC65E1B71E8}
		{D83983F3-F029-4B03-B5EA-36E348E96586} = {02EA681E-C7D8-13C7-8484-4AC65E1B71E8}
		{F029D967-26AE-481F-BFE9-DF45B25B6119} = {02EA681E-C7D8-13C7-8484-4AC65E1B71E8}
		{1F8A25D6-63A9-473C-8EB1-5C0F834EA9C3} = {02EA681E-C7D8-13C7-8484-4AC65E1B71E8}
		{757FDA0C-997A-4F75-B52E-301D2FF07B2D} = {89D326C8-C725-4623-8DD4-3C3524CA14BF}
		{37F4B575-A167-447A-A25F-052892923C44} = {89D326C8-C725-4623-8DD4-3C3524CA14BF}
		{94BAB5B0-E7BD-4AC4-BD0B-655E69063E37} = {89D326C8-C725-4623-8DD4-3C3524CA14BF}
		{C932A199-70F8-4112-84CB-96A3021769E3} = {89D326C8-C725-4623-8DD4-3C3524CA14BF}
		{80172D82-FFA7-4457-B0E6-86986476BA48} = {89D326C8-C725-4623-8DD4-3C3524CA14BF}
		{AD6E9E80-3109-42E2-95D4-FB3978BF90E3} = {D4FB6DE5-E52D-4647-835E-49C6E8DA41AD}
		{D605E976-289A-4156-8C09-8FFDD84BB8FD} = {D4FB6DE5-E52D-4647-835E-49C6E8DA41AD}
		{C3CB950F-542D-404D-943D-5D74C765B643} = {D4FB6DE5-E52D-4647-835E-49C6E8DA41AD}
	EndGlobalSection
	GlobalSection(ExtensibilityGlobals) = postSolution
		SolutionGuid = {1A84E9F9-5FED-4FD9-9887-A998FEB27D99}
	EndGlobalSection
EndGlobal
